PODS:
  - DVVActionSheetView (1.0.3)
  - DVVAlertView (1.1.0)

DEPENDENCIES:
  - DVVActionSheetView (from `https://github.com/devdawei/DVVActionSheetView.git`, tag `v1.0.3`)
  - DVVAlertView (from `https://github.com/devdawei/DVVAlertView.git`, tag `v1.1.0`)

EXTERNAL SOURCES:
  DVVActionSheetView:
    :git: https://github.com/devdawei/DVVActionSheetView.git
    :tag: v1.0.3
  DVVAlertView:
    :git: https://github.com/devdawei/DVVAlertView.git
    :tag: v1.1.0

CHECKOUT OPTIONS:
  DVVActionSheetView:
    :git: https://github.com/devdawei/DVVActionSheetView.git
    :tag: v1.0.3
  DVVAlertView:
    :git: https://github.com/devdawei/DVVAlertView.git
    :tag: v1.1.0

SPEC CHECKSUMS:
  DVVActionSheetView: 4319687795e61072873771f7f8430bc4c2ef4715
  DVVAlertView: 45b46afb5713605ca8169e081753cf5edf6f4a3c

PODFILE CHECKSUM: db213e39d20fc0cbf0cbf325531ad1c548e915c2

COCOAPODS: 1.6.1
