<?xml version="1.0" encoding="UTF-8"?>
<!DOCTYPE plist PUBLIC "-//Apple//DTD PLIST 1.0//EN" "http://www.apple.com/DTDs/PropertyList-1.0.dtd">
<plist version="1.0">
<dict>
	<key>archiveVersion</key>
	<string>1</string>
	<key>classes</key>
	<dict/>
	<key>objectVersion</key>
	<string>46</string>
	<key>objects</key>
	<dict>
		<key>00C3AB59BBDA1EFE4C58DCD0</key>
		<dict>
			<key>buildActionMask</key>
			<string>2147483647</string>
			<key>files</key>
			<array/>
			<key>inputPaths</key>
			<array/>
			<key>isa</key>
			<string>PBXShellScriptBuildPhase</string>
			<key>name</key>
			<string>[CP] Check Pods Manifest.lock</string>
			<key>outputPaths</key>
			<array/>
			<key>runOnlyForDeploymentPostprocessing</key>
			<string>0</string>
			<key>shellPath</key>
			<string>/bin/sh</string>
			<key>shellScript</key>
			<string>diff "${PODS_ROOT}/../Podfile.lock" "${PODS_ROOT}/Manifest.lock" &gt; /dev/null
if [[ $? != 0 ]] ; then
    cat &lt;&lt; EOM
error: The sandbox is not in sync with the Podfile.lock. Run 'pod install' or update your CocoaPods installation.
EOM
    exit 1
fi
</string>
			<key>showEnvVarsInLog</key>
			<string>0</string>
		</dict>
		<key>2290482F76325F28BB93CC9B</key>
		<dict>
			<key>includeInIndex</key>
			<string>1</string>
			<key>isa</key>
			<string>PBXFileReference</string>
			<key>lastKnownFileType</key>
			<string>text.xcconfig</string>
			<key>name</key>
			<string>Pods-DVVImagePickerControllerManager.debug.xcconfig</string>
			<key>path</key>
			<string>Pods/Target Support Files/Pods-DVVImagePickerControllerManager/Pods-DVVImagePickerControllerManager.debug.xcconfig</string>
			<key>sourceTree</key>
			<string>&lt;group&gt;</string>
		</dict>
		<key>29F633C8A4806043E7972778</key>
		<dict>
			<key>buildActionMask</key>
			<string>2147483647</string>
			<key>files</key>
			<array/>
			<key>inputPaths</key>
			<array/>
			<key>isa</key>
			<string>PBXShellScriptBuildPhase</string>
			<key>name</key>
			<string>[CP] Embed Pods Frameworks</string>
			<key>outputPaths</key>
			<array/>
			<key>runOnlyForDeploymentPostprocessing</key>
			<string>0</string>
			<key>shellPath</key>
			<string>/bin/sh</string>
			<key>shellScript</key>
			<string>"${SRCROOT}/Pods/Target Support Files/Pods-DVVImagePickerControllerManager/Pods-DVVImagePickerControllerManager-frameworks.sh"
</string>
			<key>showEnvVarsInLog</key>
			<string>0</string>
		</dict>
		<key>B1A46A0483A09FB7E5FEB120</key>
		<dict>
			<key>children</key>
			<array>
				<string>2290482F76325F28BB93CC9B</string>
				<string>F4538CF774BE377594E33BE5</string>
			</array>
			<key>isa</key>
			<string>PBXGroup</string>
			<key>name</key>
			<string>Pods</string>
			<key>sourceTree</key>
			<string>&lt;group&gt;</string>
		</dict>
		<key>B98F3371E09A974D8BC8FA8F</key>
		<dict>
			<key>explicitFileType</key>
			<string>archive.ar</string>
			<key>includeInIndex</key>
			<string>0</string>
			<key>isa</key>
			<string>PBXFileReference</string>
			<key>path</key>
			<string>libPods-DVVImagePickerControllerManager.a</string>
			<key>sourceTree</key>
			<string>BUILT_PRODUCTS_DIR</string>
		</dict>
		<key>D9D2F8F61DE2D83800AF3BAC</key>
		<dict>
			<key>children</key>
			<array>
				<string>D9D2F9011DE2D83800AF3BAC</string>
				<string>D9D2F91B1DE2D83800AF3BAC</string>
				<string>D9D2F9261DE2D83800AF3BAC</string>
				<string>D9D2F9001DE2D83800AF3BAC</string>
				<string>B1A46A0483A09FB7E5FEB120</string>
				<string>DBEBDC62BABACC2B441ED2D1</string>
			</array>
			<key>isa</key>
			<string>PBXGroup</string>
			<key>sourceTree</key>
			<string>&lt;group&gt;</string>
		</dict>
		<key>D9D2F8F71DE2D83800AF3BAC</key>
		<dict>
			<key>attributes</key>
			<dict>
				<key>LastUpgradeCheck</key>
				<string>0820</string>
				<key>ORGANIZATIONNAME</key>
				<string>devdawei</string>
				<key>TargetAttributes</key>
				<dict>
					<key>D9D2F8FE1DE2D83800AF3BAC</key>
					<dict>
						<key>CreatedOnToolsVersion</key>
						<string>8.2</string>
						<key>ProvisioningStyle</key>
						<string>Automatic</string>
					</dict>
					<key>D9D2F9171DE2D83800AF3BAC</key>
					<dict>
						<key>CreatedOnToolsVersion</key>
						<string>8.2</string>
						<key>ProvisioningStyle</key>
						<string>Automatic</string>
						<key>TestTargetID</key>
						<string>D9D2F8FE1DE2D83800AF3BAC</string>
					</dict>
					<key>D9D2F9221DE2D83800AF3BAC</key>
					<dict>
						<key>CreatedOnToolsVersion</key>
						<string>8.2</string>
						<key>ProvisioningStyle</key>
						<string>Automatic</string>
						<key>TestTargetID</key>
						<string>D9D2F8FE1DE2D83800AF3BAC</string>
					</dict>
				</dict>
			</dict>
			<key>buildConfigurationList</key>
			<string>D9D2F8FA1DE2D83800AF3BAC</string>
			<key>compatibilityVersion</key>
			<string>Xcode 3.2</string>
			<key>developmentRegion</key>
			<string>English</string>
			<key>hasScannedForEncodings</key>
			<string>0</string>
			<key>isa</key>
			<string>PBXProject</string>
			<key>knownRegions</key>
			<array>
				<string>en</string>
				<string>Base</string>
			</array>
			<key>mainGroup</key>
			<string>D9D2F8F61DE2D83800AF3BAC</string>
			<key>productRefGroup</key>
			<string>D9D2F9001DE2D83800AF3BAC</string>
			<key>projectDirPath</key>
			<string></string>
			<key>projectReferences</key>
			<array/>
			<key>projectRoot</key>
			<string></string>
			<key>targets</key>
			<array>
				<string>D9D2F8FE1DE2D83800AF3BAC</string>
				<string>D9D2F9171DE2D83800AF3BAC</string>
				<string>D9D2F9221DE2D83800AF3BAC</string>
			</array>
		</dict>
		<key>D9D2F8FA1DE2D83800AF3BAC</key>
		<dict>
			<key>buildConfigurations</key>
			<array>
				<string>D9D2F92A1DE2D83800AF3BAC</string>
				<string>D9D2F92B1DE2D83800AF3BAC</string>
			</array>
			<key>defaultConfigurationIsVisible</key>
			<string>0</string>
			<key>defaultConfigurationName</key>
			<string>Release</string>
			<key>isa</key>
			<string>XCConfigurationList</string>
		</dict>
		<key>D9D2F8FB1DE2D83800AF3BAC</key>
		<dict>
			<key>buildActionMask</key>
			<string>2147483647</string>
			<key>files</key>
			<array>
				<string>D9D2F9381DE2D8DA00AF3BAC</string>
				<string>D9D2F90A1DE2D83800AF3BAC</string>
				<string>D9D2F9071DE2D83800AF3BAC</string>
				<string>D9D2F9041DE2D83800AF3BAC</string>
			</array>
			<key>isa</key>
			<string>PBXSourcesBuildPhase</string>
			<key>runOnlyForDeploymentPostprocessing</key>
			<string>0</string>
		</dict>
		<key>D9D2F8FC1DE2D83800AF3BAC</key>
		<dict>
			<key>buildActionMask</key>
			<string>2147483647</string>
			<key>files</key>
			<array>
				<string>E53ECD00CD9FF2A558FBFCDC</string>
			</array>
			<key>isa</key>
			<string>PBXFrameworksBuildPhase</string>
			<key>runOnlyForDeploymentPostprocessing</key>
			<string>0</string>
		</dict>
		<key>D9D2F8FD1DE2D83800AF3BAC</key>
		<dict>
			<key>buildActionMask</key>
			<string>2147483647</string>
			<key>files</key>
			<array>
				<string>D9D2F9121DE2D83800AF3BAC</string>
				<string>D9D2F90F1DE2D83800AF3BAC</string>
				<string>D9D2F90D1DE2D83800AF3BAC</string>
			</array>
			<key>isa</key>
			<string>PBXResourcesBuildPhase</string>
			<key>runOnlyForDeploymentPostprocessing</key>
			<string>0</string>
		</dict>
		<key>D9D2F8FE1DE2D83800AF3BAC</key>
		<dict>
			<key>buildConfigurationList</key>
			<string>D9D2F92C1DE2D83800AF3BAC</string>
			<key>buildPhases</key>
			<array>
				<string>00C3AB59BBDA1EFE4C58DCD0</string>
				<string>D9D2F8FB1DE2D83800AF3BAC</string>
				<string>D9D2F8FC1DE2D83800AF3BAC</string>
				<string>D9D2F8FD1DE2D83800AF3BAC</string>
				<string>29F633C8A4806043E7972778</string>
				<string>F1C2221FD8A575BF1737BF78</string>
			</array>
			<key>buildRules</key>
			<array/>
			<key>dependencies</key>
			<array/>
			<key>isa</key>
			<string>PBXNativeTarget</string>
			<key>name</key>
			<string>DVVImagePickerControllerManager</string>
			<key>productName</key>
			<string>DVVImagePickerControllerManager</string>
			<key>productReference</key>
			<string>D9D2F8FF1DE2D83800AF3BAC</string>
			<key>productType</key>
			<string>com.apple.product-type.application</string>
		</dict>
		<key>D9D2F8FF1DE2D83800AF3BAC</key>
		<dict>
			<key>explicitFileType</key>
			<string>wrapper.application</string>
			<key>includeInIndex</key>
			<string>0</string>
			<key>isa</key>
			<string>PBXFileReference</string>
			<key>path</key>
			<string>DVVImagePickerControllerManager.app</string>
			<key>sourceTree</key>
			<string>BUILT_PRODUCTS_DIR</string>
		</dict>
		<key>D9D2F9001DE2D83800AF3BAC</key>
		<dict>
			<key>children</key>
			<array>
				<string>D9D2F8FF1DE2D83800AF3BAC</string>
				<string>D9D2F9181DE2D83800AF3BAC</string>
				<string>D9D2F9231DE2D83800AF3BAC</string>
			</array>
			<key>isa</key>
			<string>PBXGroup</string>
			<key>name</key>
			<string>Products</string>
			<key>sourceTree</key>
			<string>&lt;group&gt;</string>
		</dict>
		<key>D9D2F9011DE2D83800AF3BAC</key>
		<dict>
			<key>children</key>
			<array>
				<string>D9D2F9351DE2D87A00AF3BAC</string>
				<string>D9D2F9051DE2D83800AF3BAC</string>
				<string>D9D2F9061DE2D83800AF3BAC</string>
				<string>D9D2F9081DE2D83800AF3BAC</string>
				<string>D9D2F9091DE2D83800AF3BAC</string>
				<string>D9D2F90B1DE2D83800AF3BAC</string>
				<string>D9D2F90E1DE2D83800AF3BAC</string>
				<string>D9D2F9101DE2D83800AF3BAC</string>
				<string>D9D2F9131DE2D83800AF3BAC</string>
				<string>D9D2F9021DE2D83800AF3BAC</string>
			</array>
			<key>isa</key>
			<string>PBXGroup</string>
			<key>path</key>
			<string>DVVImagePickerControllerManager</string>
			<key>sourceTree</key>
			<string>&lt;group&gt;</string>
		</dict>
		<key>D9D2F9021DE2D83800AF3BAC</key>
		<dict>
			<key>children</key>
			<array>
				<string>D9D2F9031DE2D83800AF3BAC</string>
			</array>
			<key>isa</key>
			<string>PBXGroup</string>
			<key>name</key>
			<string>Supporting Files</string>
			<key>sourceTree</key>
			<string>&lt;group&gt;</string>
		</dict>
		<key>D9D2F9031DE2D83800AF3BAC</key>
		<dict>
			<key>isa</key>
			<string>PBXFileReference</string>
			<key>lastKnownFileType</key>
			<string>sourcecode.c.objc</string>
			<key>path</key>
			<string>main.m</string>
			<key>sourceTree</key>
			<string>&lt;group&gt;</string>
		</dict>
		<key>D9D2F9041DE2D83800AF3BAC</key>
		<dict>
			<key>fileRef</key>
			<string>D9D2F9031DE2D83800AF3BAC</string>
			<key>isa</key>
			<string>PBXBuildFile</string>
		</dict>
		<key>D9D2F9051DE2D83800AF3BAC</key>
		<dict>
			<key>isa</key>
			<string>PBXFileReference</string>
			<key>lastKnownFileType</key>
			<string>sourcecode.c.h</string>
			<key>path</key>
			<string>AppDelegate.h</string>
			<key>sourceTree</key>
			<string>&lt;group&gt;</string>
		</dict>
		<key>D9D2F9061DE2D83800AF3BAC</key>
		<dict>
			<key>isa</key>
			<string>PBXFileReference</string>
			<key>lastKnownFileType</key>
			<string>sourcecode.c.objc</string>
			<key>path</key>
			<string>AppDelegate.m</string>
			<key>sourceTree</key>
			<string>&lt;group&gt;</string>
		</dict>
		<key>D9D2F9071DE2D83800AF3BAC</key>
		<dict>
			<key>fileRef</key>
			<string>D9D2F9061DE2D83800AF3BAC</string>
			<key>isa</key>
			<string>PBXBuildFile</string>
		</dict>
		<key>D9D2F9081DE2D83800AF3BAC</key>
		<dict>
			<key>isa</key>
			<string>PBXFileReference</string>
			<key>lastKnownFileType</key>
			<string>sourcecode.c.h</string>
			<key>path</key>
			<string>ViewController.h</string>
			<key>sourceTree</key>
			<string>&lt;group&gt;</string>
		</dict>
		<key>D9D2F9091DE2D83800AF3BAC</key>
		<dict>
			<key>isa</key>
			<string>PBXFileReference</string>
			<key>lastKnownFileType</key>
			<string>sourcecode.c.objc</string>
			<key>path</key>
			<string>ViewController.m</string>
			<key>sourceTree</key>
			<string>&lt;group&gt;</string>
		</dict>
		<key>D9D2F90A1DE2D83800AF3BAC</key>
		<dict>
			<key>fileRef</key>
			<string>D9D2F9091DE2D83800AF3BAC</string>
			<key>isa</key>
			<string>PBXBuildFile</string>
		</dict>
		<key>D9D2F90B1DE2D83800AF3BAC</key>
		<dict>
			<key>children</key>
			<array>
				<string>D9D2F90C1DE2D83800AF3BAC</string>
			</array>
			<key>isa</key>
			<string>PBXVariantGroup</string>
			<key>name</key>
			<string>Main.storyboard</string>
			<key>sourceTree</key>
			<string>&lt;group&gt;</string>
		</dict>
		<key>D9D2F90C1DE2D83800AF3BAC</key>
		<dict>
			<key>isa</key>
			<string>PBXFileReference</string>
			<key>lastKnownFileType</key>
			<string>file.storyboard</string>
			<key>name</key>
			<string>Base</string>
			<key>path</key>
			<string>Base.lproj/Main.storyboard</string>
			<key>sourceTree</key>
			<string>&lt;group&gt;</string>
		</dict>
		<key>D9D2F90D1DE2D83800AF3BAC</key>
		<dict>
			<key>fileRef</key>
			<string>D9D2F90B1DE2D83800AF3BAC</string>
			<key>isa</key>
			<string>PBXBuildFile</string>
		</dict>
		<key>D9D2F90E1DE2D83800AF3BAC</key>
		<dict>
			<key>isa</key>
			<string>PBXFileReference</string>
			<key>lastKnownFileType</key>
			<string>folder.assetcatalog</string>
			<key>path</key>
			<string>Assets.xcassets</string>
			<key>sourceTree</key>
			<string>&lt;group&gt;</string>
		</dict>
		<key>D9D2F90F1DE2D83800AF3BAC</key>
		<dict>
			<key>fileRef</key>
			<string>D9D2F90E1DE2D83800AF3BAC</string>
			<key>isa</key>
			<string>PBXBuildFile</string>
		</dict>
		<key>D9D2F9101DE2D83800AF3BAC</key>
		<dict>
			<key>children</key>
			<array>
				<string>D9D2F9111DE2D83800AF3BAC</string>
			</array>
			<key>isa</key>
			<string>PBXVariantGroup</string>
			<key>name</key>
			<string>LaunchScreen.storyboard</string>
			<key>sourceTree</key>
			<string>&lt;group&gt;</string>
		</dict>
		<key>D9D2F9111DE2D83800AF3BAC</key>
		<dict>
			<key>isa</key>
			<string>PBXFileReference</string>
			<key>lastKnownFileType</key>
			<string>file.storyboard</string>
			<key>name</key>
			<string>Base</string>
			<key>path</key>
			<string>Base.lproj/LaunchScreen.storyboard</string>
			<key>sourceTree</key>
			<string>&lt;group&gt;</string>
		</dict>
		<key>D9D2F9121DE2D83800AF3BAC</key>
		<dict>
			<key>fileRef</key>
			<string>D9D2F9101DE2D83800AF3BAC</string>
			<key>isa</key>
			<string>PBXBuildFile</string>
		</dict>
		<key>D9D2F9131DE2D83800AF3BAC</key>
		<dict>
			<key>isa</key>
			<string>PBXFileReference</string>
			<key>lastKnownFileType</key>
			<string>text.plist.xml</string>
			<key>path</key>
			<string>Info.plist</string>
			<key>sourceTree</key>
			<string>&lt;group&gt;</string>
		</dict>
		<key>D9D2F9141DE2D83800AF3BAC</key>
		<dict>
			<key>buildActionMask</key>
			<string>2147483647</string>
			<key>files</key>
			<array>
				<string>D9D2F91D1DE2D83800AF3BAC</string>
			</array>
			<key>isa</key>
			<string>PBXSourcesBuildPhase</string>
			<key>runOnlyForDeploymentPostprocessing</key>
			<string>0</string>
		</dict>
		<key>D9D2F9151DE2D83800AF3BAC</key>
		<dict>
			<key>buildActionMask</key>
			<string>2147483647</string>
			<key>files</key>
			<array/>
			<key>isa</key>
			<string>PBXFrameworksBuildPhase</string>
			<key>runOnlyForDeploymentPostprocessing</key>
			<string>0</string>
		</dict>
		<key>D9D2F9161DE2D83800AF3BAC</key>
		<dict>
			<key>buildActionMask</key>
			<string>2147483647</string>
			<key>files</key>
			<array/>
			<key>isa</key>
			<string>PBXResourcesBuildPhase</string>
			<key>runOnlyForDeploymentPostprocessing</key>
			<string>0</string>
		</dict>
		<key>D9D2F9171DE2D83800AF3BAC</key>
		<dict>
			<key>buildConfigurationList</key>
			<string>D9D2F92F1DE2D83800AF3BAC</string>
			<key>buildPhases</key>
			<array>
				<string>D9D2F9141DE2D83800AF3BAC</string>
				<string>D9D2F9151DE2D83800AF3BAC</string>
				<string>D9D2F9161DE2D83800AF3BAC</string>
			</array>
			<key>buildRules</key>
			<array/>
			<key>dependencies</key>
			<array>
				<string>D9D2F91A1DE2D83800AF3BAC</string>
			</array>
			<key>isa</key>
			<string>PBXNativeTarget</string>
			<key>name</key>
			<string>DVVImagePickerControllerManagerTests</string>
			<key>productName</key>
			<string>DVVImagePickerControllerManagerTests</string>
			<key>productReference</key>
			<string>D9D2F9181DE2D83800AF3BAC</string>
			<key>productType</key>
			<string>com.apple.product-type.bundle.unit-test</string>
		</dict>
		<key>D9D2F9181DE2D83800AF3BAC</key>
		<dict>
			<key>explicitFileType</key>
			<string>wrapper.cfbundle</string>
			<key>includeInIndex</key>
			<string>0</string>
			<key>isa</key>
			<string>PBXFileReference</string>
			<key>path</key>
			<string>DVVImagePickerControllerManagerTests.xctest</string>
			<key>sourceTree</key>
			<string>BUILT_PRODUCTS_DIR</string>
		</dict>
		<key>D9D2F9191DE2D83800AF3BAC</key>
		<dict>
			<key>containerPortal</key>
			<string>D9D2F8F71DE2D83800AF3BAC</string>
			<key>isa</key>
			<string>PBXContainerItemProxy</string>
			<key>proxyType</key>
			<string>1</string>
			<key>remoteGlobalIDString</key>
			<string>D9D2F8FE1DE2D83800AF3BAC</string>
			<key>remoteInfo</key>
			<string>DVVImagePickerControllerManager</string>
		</dict>
		<key>D9D2F91A1DE2D83800AF3BAC</key>
		<dict>
			<key>isa</key>
			<string>PBXTargetDependency</string>
			<key>target</key>
			<string>D9D2F8FE1DE2D83800AF3BAC</string>
			<key>targetProxy</key>
			<string>D9D2F9191DE2D83800AF3BAC</string>
		</dict>
		<key>D9D2F91B1DE2D83800AF3BAC</key>
		<dict>
			<key>children</key>
			<array>
				<string>D9D2F91C1DE2D83800AF3BAC</string>
				<string>D9D2F91E1DE2D83800AF3BAC</string>
			</array>
			<key>isa</key>
			<string>PBXGroup</string>
			<key>path</key>
			<string>DVVImagePickerControllerManagerTests</string>
			<key>sourceTree</key>
			<string>&lt;group&gt;</string>
		</dict>
		<key>D9D2F91C1DE2D83800AF3BAC</key>
		<dict>
			<key>isa</key>
			<string>PBXFileReference</string>
			<key>lastKnownFileType</key>
			<string>sourcecode.c.objc</string>
			<key>path</key>
			<string>DVVImagePickerControllerManagerTests.m</string>
			<key>sourceTree</key>
			<string>&lt;group&gt;</string>
		</dict>
		<key>D9D2F91D1DE2D83800AF3BAC</key>
		<dict>
			<key>fileRef</key>
			<string>D9D2F91C1DE2D83800AF3BAC</string>
			<key>isa</key>
			<string>PBXBuildFile</string>
		</dict>
		<key>D9D2F91E1DE2D83800AF3BAC</key>
		<dict>
			<key>isa</key>
			<string>PBXFileReference</string>
			<key>lastKnownFileType</key>
			<string>text.plist.xml</string>
			<key>path</key>
			<string>Info.plist</string>
			<key>sourceTree</key>
			<string>&lt;group&gt;</string>
		</dict>
		<key>D9D2F91F1DE2D83800AF3BAC</key>
		<dict>
			<key>buildActionMask</key>
			<string>2147483647</string>
			<key>files</key>
			<array>
				<string>D9D2F9281DE2D83800AF3BAC</string>
			</array>
			<key>isa</key>
			<string>PBXSourcesBuildPhase</string>
			<key>runOnlyForDeploymentPostprocessing</key>
			<string>0</string>
		</dict>
		<key>D9D2F9201DE2D83800AF3BAC</key>
		<dict>
			<key>buildActionMask</key>
			<string>2147483647</string>
			<key>files</key>
			<array/>
			<key>isa</key>
			<string>PBXFrameworksBuildPhase</string>
			<key>runOnlyForDeploymentPostprocessing</key>
			<string>0</string>
		</dict>
		<key>D9D2F9211DE2D83800AF3BAC</key>
		<dict>
			<key>buildActionMask</key>
			<string>2147483647</string>
			<key>files</key>
			<array/>
			<key>isa</key>
			<string>PBXResourcesBuildPhase</string>
			<key>runOnlyForDeploymentPostprocessing</key>
			<string>0</string>
		</dict>
		<key>D9D2F9221DE2D83800AF3BAC</key>
		<dict>
			<key>buildConfigurationList</key>
			<string>D9D2F9321DE2D83800AF3BAC</string>
			<key>buildPhases</key>
			<array>
				<string>D9D2F91F1DE2D83800AF3BAC</string>
				<string>D9D2F9201DE2D83800AF3BAC</string>
				<string>D9D2F9211DE2D83800AF3BAC</string>
			</array>
			<key>buildRules</key>
			<array/>
			<key>dependencies</key>
			<array>
				<string>D9D2F9251DE2D83800AF3BAC</string>
			</array>
			<key>isa</key>
			<string>PBXNativeTarget</string>
			<key>name</key>
			<string>DVVImagePickerControllerManagerUITests</string>
			<key>productName</key>
			<string>DVVImagePickerControllerManagerUITests</string>
			<key>productReference</key>
			<string>D9D2F9231DE2D83800AF3BAC</string>
			<key>productType</key>
			<string>com.apple.product-type.bundle.ui-testing</string>
		</dict>
		<key>D9D2F9231DE2D83800AF3BAC</key>
		<dict>
			<key>explicitFileType</key>
			<string>wrapper.cfbundle</string>
			<key>includeInIndex</key>
			<string>0</string>
			<key>isa</key>
			<string>PBXFileReference</string>
			<key>path</key>
			<string>DVVImagePickerControllerManagerUITests.xctest</string>
			<key>sourceTree</key>
			<string>BUILT_PRODUCTS_DIR</string>
		</dict>
		<key>D9D2F9241DE2D83800AF3BAC</key>
		<dict>
			<key>containerPortal</key>
			<string>D9D2F8F71DE2D83800AF3BAC</string>
			<key>isa</key>
			<string>PBXContainerItemProxy</string>
			<key>proxyType</key>
			<string>1</string>
			<key>remoteGlobalIDString</key>
			<string>D9D2F8FE1DE2D83800AF3BAC</string>
			<key>remoteInfo</key>
			<string>DVVImagePickerControllerManager</string>
		</dict>
		<key>D9D2F9251DE2D83800AF3BAC</key>
		<dict>
			<key>isa</key>
			<string>PBXTargetDependency</string>
			<key>target</key>
			<string>D9D2F8FE1DE2D83800AF3BAC</string>
			<key>targetProxy</key>
			<string>D9D2F9241DE2D83800AF3BAC</string>
		</dict>
		<key>D9D2F9261DE2D83800AF3BAC</key>
		<dict>
			<key>children</key>
			<array>
				<string>D9D2F9271DE2D83800AF3BAC</string>
				<string>D9D2F9291DE2D83800AF3BAC</string>
			</array>
			<key>isa</key>
			<string>PBXGroup</string>
			<key>path</key>
			<string>DVVImagePickerControllerManagerUITests</string>
			<key>sourceTree</key>
			<string>&lt;group&gt;</string>
		</dict>
		<key>D9D2F9271DE2D83800AF3BAC</key>
		<dict>
			<key>isa</key>
			<string>PBXFileReference</string>
			<key>lastKnownFileType</key>
			<string>sourcecode.c.objc</string>
			<key>path</key>
			<string>DVVImagePickerControllerManagerUITests.m</string>
			<key>sourceTree</key>
			<string>&lt;group&gt;</string>
		</dict>
		<key>D9D2F9281DE2D83800AF3BAC</key>
		<dict>
			<key>fileRef</key>
			<string>D9D2F9271DE2D83800AF3BAC</string>
			<key>isa</key>
			<string>PBXBuildFile</string>
		</dict>
		<key>D9D2F9291DE2D83800AF3BAC</key>
		<dict>
			<key>isa</key>
			<string>PBXFileReference</string>
			<key>lastKnownFileType</key>
			<string>text.plist.xml</string>
			<key>path</key>
			<string>Info.plist</string>
			<key>sourceTree</key>
			<string>&lt;group&gt;</string>
		</dict>
		<key>D9D2F92A1DE2D83800AF3BAC</key>
		<dict>
			<key>buildSettings</key>
			<dict>
				<key>ALWAYS_SEARCH_USER_PATHS</key>
				<string>NO</string>
				<key>CLANG_ANALYZER_NONNULL</key>
				<string>YES</string>
				<key>CLANG_CXX_LANGUAGE_STANDARD</key>
				<string>gnu++0x</string>
				<key>CLANG_CXX_LIBRARY</key>
				<string>libc++</string>
				<key>CLANG_ENABLE_MODULES</key>
				<string>YES</string>
				<key>CLANG_ENABLE_OBJC_ARC</key>
				<string>YES</string>
				<key>CLANG_WARN_BOOL_CONVERSION</key>
				<string>YES</string>
				<key>CLANG_WARN_CONSTANT_CONVERSION</key>
				<string>YES</string>
				<key>CLANG_WARN_DIRECT_OBJC_ISA_USAGE</key>
				<string>YES_ERROR</string>
				<key>CLANG_WARN_DOCUMENTATION_COMMENTS</key>
				<string>YES</string>
				<key>CLANG_WARN_EMPTY_BODY</key>
				<string>YES</string>
				<key>CLANG_WARN_ENUM_CONVERSION</key>
				<string>YES</string>
				<key>CLANG_WARN_INFINITE_RECURSION</key>
				<string>YES</string>
				<key>CLANG_WARN_INT_CONVERSION</key>
				<string>YES</string>
				<key>CLANG_WARN_OBJC_ROOT_CLASS</key>
				<string>YES_ERROR</string>
				<key>CLANG_WARN_SUSPICIOUS_MOVE</key>
				<string>YES</string>
				<key>CLANG_WARN_UNREACHABLE_CODE</key>
				<string>YES</string>
				<key>CLANG_WARN__DUPLICATE_METHOD_MATCH</key>
				<string>YES</string>
				<key>CODE_SIGN_IDENTITY[sdk=iphoneos*]</key>
				<string>iPhone Developer</string>
				<key>COPY_PHASE_STRIP</key>
				<string>NO</string>
				<key>DEBUG_INFORMATION_FORMAT</key>
				<string>dwarf</string>
				<key>ENABLE_STRICT_OBJC_MSGSEND</key>
				<string>YES</string>
				<key>ENABLE_TESTABILITY</key>
				<string>YES</string>
				<key>GCC_C_LANGUAGE_STANDARD</key>
				<string>gnu99</string>
				<key>GCC_DYNAMIC_NO_PIC</key>
				<string>NO</string>
				<key>GCC_NO_COMMON_BLOCKS</key>
				<string>YES</string>
				<key>GCC_OPTIMIZATION_LEVEL</key>
				<string>0</string>
				<key>GCC_PREPROCESSOR_DEFINITIONS</key>
				<array>
					<string>DEBUG=1</string>
					<string>$(inherited)</string>
				</array>
				<key>GCC_WARN_64_TO_32_BIT_CONVERSION</key>
				<string>YES</string>
				<key>GCC_WARN_ABOUT_RETURN_TYPE</key>
				<string>YES_ERROR</string>
				<key>GCC_WARN_UNDECLARED_SELECTOR</key>
				<string>YES</string>
				<key>GCC_WARN_UNINITIALIZED_AUTOS</key>
				<string>YES_AGGRESSIVE</string>
				<key>GCC_WARN_UNUSED_FUNCTION</key>
				<string>YES</string>
				<key>GCC_WARN_UNUSED_VARIABLE</key>
				<string>YES</string>
				<key>IPHONEOS_DEPLOYMENT_TARGET</key>
				<string>10.2</string>
				<key>MTL_ENABLE_DEBUG_INFO</key>
				<string>YES</string>
				<key>ONLY_ACTIVE_ARCH</key>
				<string>YES</string>
				<key>SDKROOT</key>
				<string>iphoneos</string>
				<key>TARGETED_DEVICE_FAMILY</key>
				<string>1,2</string>
			</dict>
			<key>isa</key>
			<string>XCBuildConfiguration</string>
			<key>name</key>
			<string>Debug</string>
		</dict>
		<key>D9D2F92B1DE2D83800AF3BAC</key>
		<dict>
			<key>buildSettings</key>
			<dict>
				<key>ALWAYS_SEARCH_USER_PATHS</key>
				<string>NO</string>
				<key>CLANG_ANALYZER_NONNULL</key>
				<string>YES</string>
				<key>CLANG_CXX_LANGUAGE_STANDARD</key>
				<string>gnu++0x</string>
				<key>CLANG_CXX_LIBRARY</key>
				<string>libc++</string>
				<key>CLANG_ENABLE_MODULES</key>
				<string>YES</string>
				<key>CLANG_ENABLE_OBJC_ARC</key>
				<string>YES</string>
				<key>CLANG_WARN_BOOL_CONVERSION</key>
				<string>YES</string>
				<key>CLANG_WARN_CONSTANT_CONVERSION</key>
				<string>YES</string>
				<key>CLANG_WARN_DIRECT_OBJC_ISA_USAGE</key>
				<string>YES_ERROR</string>
				<key>CLANG_WARN_DOCUMENTATION_COMMENTS</key>
				<string>YES</string>
				<key>CLANG_WARN_EMPTY_BODY</key>
				<string>YES</string>
				<key>CLANG_WARN_ENUM_CONVERSION</key>
				<string>YES</string>
				<key>CLANG_WARN_INFINITE_RECURSION</key>
				<string>YES</string>
				<key>CLANG_WARN_INT_CONVERSION</key>
				<string>YES</string>
				<key>CLANG_WARN_OBJC_ROOT_CLASS</key>
				<string>YES_ERROR</string>
				<key>CLANG_WARN_SUSPICIOUS_MOVE</key>
				<string>YES</string>
				<key>CLANG_WARN_UNREACHABLE_CODE</key>
				<string>YES</string>
				<key>CLANG_WARN__DUPLICATE_METHOD_MATCH</key>
				<string>YES</string>
				<key>CODE_SIGN_IDENTITY[sdk=iphoneos*]</key>
				<string>iPhone Developer</string>
				<key>COPY_PHASE_STRIP</key>
				<string>NO</string>
				<key>DEBUG_INFORMATION_FORMAT</key>
				<string>dwarf-with-dsym</string>
				<key>ENABLE_NS_ASSERTIONS</key>
				<string>NO</string>
				<key>ENABLE_STRICT_OBJC_MSGSEND</key>
				<string>YES</string>
				<key>GCC_C_LANGUAGE_STANDARD</key>
				<string>gnu99</string>
				<key>GCC_NO_COMMON_BLOCKS</key>
				<string>YES</string>
				<key>GCC_WARN_64_TO_32_BIT_CONVERSION</key>
				<string>YES</string>
				<key>GCC_WARN_ABOUT_RETURN_TYPE</key>
				<string>YES_ERROR</string>
				<key>GCC_WARN_UNDECLARED_SELECTOR</key>
				<string>YES</string>
				<key>GCC_WARN_UNINITIALIZED_AUTOS</key>
				<string>YES_AGGRESSIVE</string>
				<key>GCC_WARN_UNUSED_FUNCTION</key>
				<string>YES</string>
				<key>GCC_WARN_UNUSED_VARIABLE</key>
				<string>YES</string>
				<key>IPHONEOS_DEPLOYMENT_TARGET</key>
				<string>10.2</string>
				<key>MTL_ENABLE_DEBUG_INFO</key>
				<string>NO</string>
				<key>SDKROOT</key>
				<string>iphoneos</string>
				<key>TARGETED_DEVICE_FAMILY</key>
				<string>1,2</string>
				<key>VALIDATE_PRODUCT</key>
				<string>YES</string>
			</dict>
			<key>isa</key>
			<string>XCBuildConfiguration</string>
			<key>name</key>
			<string>Release</string>
		</dict>
		<key>D9D2F92C1DE2D83800AF3BAC</key>
		<dict>
			<key>buildConfigurations</key>
			<array>
				<string>D9D2F92D1DE2D83800AF3BAC</string>
				<string>D9D2F92E1DE2D83800AF3BAC</string>
			</array>
			<key>defaultConfigurationIsVisible</key>
			<string>0</string>
			<key>isa</key>
			<string>XCConfigurationList</string>
		</dict>
		<key>D9D2F92D1DE2D83800AF3BAC</key>
		<dict>
			<key>baseConfigurationReference</key>
			<string>2290482F76325F28BB93CC9B</string>
			<key>buildSettings</key>
			<dict>
				<key>ASSETCATALOG_COMPILER_APPICON_NAME</key>
				<string>AppIcon</string>
				<key>INFOPLIST_FILE</key>
				<string>DVVImagePickerControllerManager/Info.plist</string>
				<key>LD_RUNPATH_SEARCH_PATHS</key>
				<string>$(inherited) @executable_path/Frameworks</string>
				<key>PRODUCT_BUNDLE_IDENTIFIER</key>
				<string>com.devdawei.DVVImagePickerControllerManager</string>
				<key>PRODUCT_NAME</key>
				<string>$(TARGET_NAME)</string>
			</dict>
			<key>isa</key>
			<string>XCBuildConfiguration</string>
			<key>name</key>
			<string>Debug</string>
		</dict>
		<key>D9D2F92E1DE2D83800AF3BAC</key>
		<dict>
			<key>baseConfigurationReference</key>
			<string>F4538CF774BE377594E33BE5</string>
			<key>buildSettings</key>
			<dict>
				<key>ASSETCATALOG_COMPILER_APPICON_NAME</key>
				<string>AppIcon</string>
				<key>INFOPLIST_FILE</key>
				<string>DVVImagePickerControllerManager/Info.plist</string>
				<key>LD_RUNPATH_SEARCH_PATHS</key>
				<string>$(inherited) @executable_path/Frameworks</string>
				<key>PRODUCT_BUNDLE_IDENTIFIER</key>
				<string>com.devdawei.DVVImagePickerControllerManager</string>
				<key>PRODUCT_NAME</key>
				<string>$(TARGET_NAME)</string>
			</dict>
			<key>isa</key>
			<string>XCBuildConfiguration</string>
			<key>name</key>
			<string>Release</string>
		</dict>
		<key>D9D2F92F1DE2D83800AF3BAC</key>
		<dict>
			<key>buildConfigurations</key>
			<array>
				<string>D9D2F9301DE2D83800AF3BAC</string>
				<string>D9D2F9311DE2D83800AF3BAC</string>
			</array>
			<key>defaultConfigurationIsVisible</key>
			<string>0</string>
			<key>isa</key>
			<string>XCConfigurationList</string>
		</dict>
		<key>D9D2F9301DE2D83800AF3BAC</key>
		<dict>
			<key>buildSettings</key>
			<dict>
				<key>BUNDLE_LOADER</key>
				<string>$(TEST_HOST)</string>
				<key>INFOPLIST_FILE</key>
				<string>DVVImagePickerControllerManagerTests/Info.plist</string>
				<key>LD_RUNPATH_SEARCH_PATHS</key>
				<string>$(inherited) @executable_path/Frameworks @loader_path/Frameworks</string>
				<key>PRODUCT_BUNDLE_IDENTIFIER</key>
				<string>com.devdawei.DVVImagePickerControllerManagerTests</string>
				<key>PRODUCT_NAME</key>
				<string>$(TARGET_NAME)</string>
				<key>TEST_HOST</key>
				<string>$(BUILT_PRODUCTS_DIR)/DVVImagePickerControllerManager.app/DVVImagePickerControllerManager</string>
			</dict>
			<key>isa</key>
			<string>XCBuildConfiguration</string>
			<key>name</key>
			<string>Debug</string>
		</dict>
		<key>D9D2F9311DE2D83800AF3BAC</key>
		<dict>
			<key>buildSettings</key>
			<dict>
				<key>BUNDLE_LOADER</key>
				<string>$(TEST_HOST)</string>
				<key>INFOPLIST_FILE</key>
				<string>DVVImagePickerControllerManagerTests/Info.plist</string>
				<key>LD_RUNPATH_SEARCH_PATHS</key>
				<string>$(inherited) @executable_path/Frameworks @loader_path/Frameworks</string>
				<key>PRODUCT_BUNDLE_IDENTIFIER</key>
				<string>com.devdawei.DVVImagePickerControllerManagerTests</string>
				<key>PRODUCT_NAME</key>
				<string>$(TARGET_NAME)</string>
				<key>TEST_HOST</key>
				<string>$(BUILT_PRODUCTS_DIR)/DVVImagePickerControllerManager.app/DVVImagePickerControllerManager</string>
			</dict>
			<key>isa</key>
			<string>XCBuildConfiguration</string>
			<key>name</key>
			<string>Release</string>
		</dict>
		<key>D9D2F9321DE2D83800AF3BAC</key>
		<dict>
			<key>buildConfigurations</key>
			<array>
				<string>D9D2F9331DE2D83800AF3BAC</string>
				<string>D9D2F9341DE2D83800AF3BAC</string>
			</array>
			<key>defaultConfigurationIsVisible</key>
			<string>0</string>
			<key>isa</key>
			<string>XCConfigurationList</string>
		</dict>
		<key>D9D2F9331DE2D83800AF3BAC</key>
		<dict>
			<key>buildSettings</key>
			<dict>
				<key>INFOPLIST_FILE</key>
				<string>DVVImagePickerControllerManagerUITests/Info.plist</string>
				<key>LD_RUNPATH_SEARCH_PATHS</key>
				<string>$(inherited) @executable_path/Frameworks @loader_path/Frameworks</string>
				<key>PRODUCT_BUNDLE_IDENTIFIER</key>
				<string>com.devdawei.DVVImagePickerControllerManagerUITests</string>
				<key>PRODUCT_NAME</key>
				<string>$(TARGET_NAME)</string>
				<key>TEST_TARGET_NAME</key>
				<string>DVVImagePickerControllerManager</string>
			</dict>
			<key>isa</key>
			<string>XCBuildConfiguration</string>
			<key>name</key>
			<string>Debug</string>
		</dict>
		<key>D9D2F9341DE2D83800AF3BAC</key>
		<dict>
			<key>buildSettings</key>
			<dict>
				<key>INFOPLIST_FILE</key>
				<string>DVVImagePickerControllerManagerUITests/Info.plist</string>
				<key>LD_RUNPATH_SEARCH_PATHS</key>
				<string>$(inherited) @executable_path/Frameworks @loader_path/Frameworks</string>
				<key>PRODUCT_BUNDLE_IDENTIFIER</key>
				<string>com.devdawei.DVVImagePickerControllerManagerUITests</string>
				<key>PRODUCT_NAME</key>
				<string>$(TARGET_NAME)</string>
				<key>TEST_TARGET_NAME</key>
				<string>DVVImagePickerControllerManager</string>
			</dict>
			<key>isa</key>
			<string>XCBuildConfiguration</string>
			<key>name</key>
			<string>Release</string>
		</dict>
		<key>D9D2F9351DE2D87A00AF3BAC</key>
		<dict>
			<key>children</key>
			<array>
				<string>D9D2F9361DE2D8DA00AF3BAC</string>
				<string>D9D2F9371DE2D8DA00AF3BAC</string>
			</array>
			<key>isa</key>
			<string>PBXGroup</string>
			<key>path</key>
			<string>DVVImagePickerControllerManager</string>
			<key>sourceTree</key>
			<string>&lt;group&gt;</string>
		</dict>
		<key>D9D2F9361DE2D8DA00AF3BAC</key>
		<dict>
			<key>fileEncoding</key>
			<string>4</string>
			<key>isa</key>
			<string>PBXFileReference</string>
			<key>lastKnownFileType</key>
			<string>sourcecode.c.h</string>
			<key>path</key>
			<string>DVVImagePickerControllerManager.h</string>
			<key>sourceTree</key>
			<string>&lt;group&gt;</string>
		</dict>
		<key>D9D2F9371DE2D8DA00AF3BAC</key>
		<dict>
			<key>fileEncoding</key>
			<string>4</string>
			<key>isa</key>
			<string>PBXFileReference</string>
			<key>lastKnownFileType</key>
			<string>sourcecode.c.objc</string>
			<key>path</key>
			<string>DVVImagePickerControllerManager.m</string>
			<key>sourceTree</key>
			<string>&lt;group&gt;</string>
		</dict>
		<key>D9D2F9381DE2D8DA00AF3BAC</key>
		<dict>
			<key>fileRef</key>
			<string>D9D2F9371DE2D8DA00AF3BAC</string>
			<key>isa</key>
			<string>PBXBuildFile</string>
		</dict>
		<key>DBEBDC62BABACC2B441ED2D1</key>
		<dict>
			<key>children</key>
			<array>
				<string>B98F3371E09A974D8BC8FA8F</string>
			</array>
			<key>isa</key>
			<string>PBXGroup</string>
			<key>name</key>
			<string>Frameworks</string>
			<key>sourceTree</key>
			<string>&lt;group&gt;</string>
		</dict>
		<key>E53ECD00CD9FF2A558FBFCDC</key>
		<dict>
			<key>fileRef</key>
			<string>B98F3371E09A974D8BC8FA8F</string>
			<key>isa</key>
			<string>PBXBuildFile</string>
		</dict>
		<key>F1C2221FD8A575BF1737BF78</key>
		<dict>
			<key>buildActionMask</key>
			<string>2147483647</string>
			<key>files</key>
			<array/>
			<key>inputPaths</key>
			<array/>
			<key>isa</key>
			<string>PBXShellScriptBuildPhase</string>
			<key>name</key>
			<string>[CP] Copy Pods Resources</string>
			<key>outputPaths</key>
			<array/>
			<key>runOnlyForDeploymentPostprocessing</key>
			<string>0</string>
			<key>shellPath</key>
			<string>/bin/sh</string>
			<key>shellScript</key>
			<string>"${SRCROOT}/Pods/Target Support Files/Pods-DVVImagePickerControllerManager/Pods-DVVImagePickerControllerManager-resources.sh"
</string>
			<key>showEnvVarsInLog</key>
			<string>0</string>
		</dict>
		<key>F4538CF774BE377594E33BE5</key>
		<dict>
			<key>includeInIndex</key>
			<string>1</string>
			<key>isa</key>
			<string>PBXFileReference</string>
			<key>lastKnownFileType</key>
			<string>text.xcconfig</string>
			<key>name</key>
			<string>Pods-DVVImagePickerControllerManager.release.xcconfig</string>
			<key>path</key>
			<string>Pods/Target Support Files/Pods-DVVImagePickerControllerManager/Pods-DVVImagePickerControllerManager.release.xcconfig</string>
			<key>sourceTree</key>
			<string>&lt;group&gt;</string>
		</dict>
	</dict>
	<key>rootObject</key>
	<string>D9D2F8F71DE2D83800AF3BAC</string>
</dict>
</plist>
